// !$*UTF8*$!
{
	archiveVersion = 1;
	classes = {
	};
	objectVersion = 46;
	objects = {

/* Begin PBXBuildFile section */
		ADEEB313190DD3C900A2DB0B /* Foundation.framework in Frameworks */ = {isa = PBXBuildFile; fileRef = ADEEB312190DD3C900A2DB0B /* Foundation.framework */; };
		ADEEB315190DD3C900A2DB0B /* CoreGraphics.framework in Frameworks */ = {isa = PBXBuildFile; fileRef = ADEEB314190DD3C900A2DB0B /* CoreGraphics.framework */; };
		ADEEB317190DD3C900A2DB0B /* UIKit.framework in Frameworks */ = {isa = PBXBuildFile; fileRef = ADEEB316190DD3C900A2DB0B /* UIKit.framework */; };
		ADEEB31D190DD3C900A2DB0B /* InfoPlist.strings in Resources */ = {isa = PBXBuildFile; fileRef = ADEEB31B190DD3C900A2DB0B /* InfoPlist.strings */; };
		ADEEB31F190DD3C900A2DB0B /* main.m in Sources */ = {isa = PBXBuildFile; fileRef = ADEEB31E190DD3C900A2DB0B /* main.m */; };
		ADEEB323190DD3C900A2DB0B /* FAAppDelegate.m in Sources */ = {isa = PBXBuildFile; fileRef = ADEEB322190DD3C900A2DB0B /* FAAppDelegate.m */; };
		ADEEB326190DD3C900A2DB0B /* Main.storyboard in Resources */ = {isa = PBXBuildFile; fileRef = ADEEB324190DD3C900A2DB0B /* Main.storyboard */; };
		ADEEB329190DD3C900A2DB0B /* FAViewController.m in Sources */ = {isa = PBXBuildFile; fileRef = ADEEB328190DD3C900A2DB0B /* FAViewController.m */; };
		ADEEB32B190DD3C900A2DB0B /* Images.xcassets in Resources */ = {isa = PBXBuildFile; fileRef = ADEEB32A190DD3C900A2DB0B /* Images.xcassets */; };
		ADEEB332190DD3C900A2DB0B /* XCTest.framework in Frameworks */ = {isa = PBXBuildFile; fileRef = ADEEB331190DD3C900A2DB0B /* XCTest.framework */; };
		ADEEB333190DD3C900A2DB0B /* Foundation.framework in Frameworks */ = {isa = PBXBuildFile; fileRef = ADEEB312190DD3C900A2DB0B /* Foundation.framework */; };
		ADEEB334190DD3C900A2DB0B /* UIKit.framework in Frameworks */ = {isa = PBXBuildFile; fileRef = ADEEB316190DD3C900A2DB0B /* UIKit.framework */; };
		ADEEB33C190DD3C900A2DB0B /* InfoPlist.strings in Resources */ = {isa = PBXBuildFile; fileRef = ADEEB33A190DD3C900A2DB0B /* InfoPlist.strings */; };
		ADEEB33E190DD3C900A2DB0B /* FBFriendsAppTests.m in Sources */ = {isa = PBXBuildFile; fileRef = ADEEB33D190DD3C900A2DB0B /* FBFriendsAppTests.m */; };
/* End PBXBuildFile section */

/* Begin PBXContainerItemProxy section */
		ADEEB335190DD3C900A2DB0B /* PBXContainerItemProxy */ = {
			isa = PBXContainerItemProxy;
			containerPortal = ADEEB307190DD3C900A2DB0B /* Project object */;
			proxyType = 1;
			remoteGlobalIDString = ADEEB30E190DD3C900A2DB0B;
			remoteInfo = FBFriendsApp;
		};
/* End PBXContainerItemProxy section */

/* Begin PBXFileReference section */
		ADEEB30F190DD3C900A2DB0B /* FBFriendsApp.app */ = {isa = PBXFileReference; explicitFileType = wrapper.application; includeInIndex = 0; path = FBFriendsApp.app; sourceTree = BUILT_PRODUCTS_DIR; };
		ADEEB312190DD3C900A2DB0B /* Foundation.framework */ = {isa = PBXFileReference; lastKnownFileType = wrapper.framework; name = Foundation.framework; path = System/Library/Frameworks/Foundation.framework; sourceTree = SDKROOT; };
		ADEEB314190DD3C900A2DB0B /* CoreGraphics.framework */ = {isa = PBXFileReference; lastKnownFileType = wrapper.framework; name = CoreGraphics.framework; path = System/Library/Frameworks/CoreGraphics.framework; sourceTree = SDKROOT; };
		ADEEB316190DD3C900A2DB0B /* UIKit.framework */ = {isa = PBXFileReference; lastKnownFileType = wrapper.framework; name = UIKit.framework; path = System/Library/Frameworks/UIKit.framework; sourceTree = SDKROOT; };
		ADEEB31A190DD3C900A2DB0B /* FBFriendsApp-Info.plist */ = {isa = PBXFileReference; lastKnownFileType = text.plist.xml; path = "FBFriendsApp-Info.plist"; sourceTree = "<group>"; };
		ADEEB31C190DD3C900A2DB0B /* en */ = {isa = PBXFileReference; lastKnownFileType = text.plist.strings; name = en; path = en.lproj/InfoPlist.strings; sourceTree = "<group>"; };
		ADEEB31E190DD3C900A2DB0B /* main.m */ = {isa = PBXFileReference; lastKnownFileType = sourcecode.c.objc; path = main.m; sourceTree = "<group>"; };
		ADEEB320190DD3C900A2DB0B /* FBFriendsApp-Prefix.pch */ = {isa = PBXFileReference; lastKnownFileType = sourcecode.c.h; path = "FBFriendsApp-Prefix.pch"; sourceTree = "<group>"; };
		ADEEB321190DD3C900A2DB0B /* FAAppDelegate.h */ = {isa = PBXFileReference; lastKnownFileType = sourcecode.c.h; path = FAAppDelegate.h; sourceTree = "<group>"; };
		ADEEB322190DD3C900A2DB0B /* FAAppDelegate.m */ = {isa = PBXFileReference; lastKnownFileType = sourcecode.c.objc; path = FAAppDelegate.m; sourceTree = "<group>"; };
		ADEEB325190DD3C900A2DB0B /* Base */ = {isa = PBXFileReference; lastKnownFileType = file.storyboard; name = Base; path = Base.lproj/Main.storyboard; sourceTree = "<group>"; };
		ADEEB327190DD3C900A2DB0B /* FAViewController.h */ = {isa = PBXFileReference; lastKnownFileType = sourcecode.c.h; path = FAViewController.h; sourceTree = "<group>"; };
		ADEEB328190DD3C900A2DB0B /* FAViewController.m */ = {isa = PBXFileReference; lastKnownFileType = sourcecode.c.objc; path = FAViewController.m; sourceTree = "<group>"; };
		ADEEB32A190DD3C900A2DB0B /* Images.xcassets */ = {isa = PBXFileReference; lastKnownFileType = folder.assetcatalog; path = Images.xcassets; sourceTree = "<group>"; };
		ADEEB330190DD3C900A2DB0B /* FBFriendsAppTests.xctest */ = {isa = PBXFileReference; explicitFileType = wrapper.cfbundle; includeInIndex = 0; path = FBFriendsAppTests.xctest; sourceTree = BUILT_PRODUCTS_DIR; };
		ADEEB331190DD3C900A2DB0B /* XCTest.framework */ = {isa = PBXFileReference; lastKnownFileType = wrapper.framework; name = XCTest.framework; path = Library/Frameworks/XCTest.framework; sourceTree = DEVELOPER_DIR; };
		ADEEB339190DD3C900A2DB0B /* FBFriendsAppTests-Info.plist */ = {isa = PBXFileReference; lastKnownFileType = text.plist.xml; path = "FBFriendsAppTests-Info.plist"; sourceTree = "<group>"; };
		ADEEB33B190DD3C900A2DB0B /* en */ = {isa = PBXFileReference; lastKnownFileType = text.plist.strings; name = en; path = en.lproj/InfoPlist.strings; sourceTree = "<group>"; };
		ADEEB33D190DD3C900A2DB0B /* FBFriendsAppTests.m */ = {isa = PBXFileReference; lastKnownFileType = sourcecode.c.objc; path = FBFriendsAppTests.m; sourceTree = "<group>"; };
/* End PBXFileReference section */

/* Begin PBXFrameworksBuildPhase section */
		ADEEB30C190DD3C900A2DB0B /* Frameworks */ = {
			isa = PBXFrameworksBuildPhase;
			buildActionMask = 2147483647;
			files = (
				ADEEB315190DD3C900A2DB0B /* CoreGraphics.framework in Frameworks */,
				ADEEB317190DD3C900A2DB0B /* UIKit.framework in Frameworks */,
				ADEEB313190DD3C900A2DB0B /* Foundation.framework in Frameworks */,
			);
			runOnlyForDeploymentPostprocessing = 0;
		};
		ADEEB32D190DD3C900A2DB0B /* Frameworks */ = {
			isa = PBXFrameworksBuildPhase;
			buildActionMask = 2147483647;
			files = (
				ADEEB332190DD3C900A2DB0B /* XCTest.framework in Frameworks */,
				ADEEB334190DD3C900A2DB0B /* UIKit.framework in Frameworks */,
				ADEEB333190DD3C900A2DB0B /* Foundation.framework in Frameworks */,
			);
			runOnlyForDeploymentPostprocessing = 0;
		};
/* End PBXFrameworksBuildPhase section */

/* Begin PBXGroup section */
		ADEEB306190DD3C900A2DB0B = {
			isa = PBXGroup;
			children = (
				ADEEB318190DD3C900A2DB0B /* FBFriendsApp */,
				ADEEB337190DD3C900A2DB0B /* FBFriendsAppTests */,
				ADEEB311190DD3C900A2DB0B /* Frameworks */,
				ADEEB310190DD3C900A2DB0B /* Products */,
			);
			sourceTree = "<group>";
		};
		ADEEB310190DD3C900A2DB0B /* Products */ = {
			isa = PBXGroup;
			children = (
				ADEEB30F190DD3C900A2DB0B /* FBFriendsApp.app */,
				ADEEB330190DD3C900A2DB0B /* FBFriendsAppTests.xctest */,
			);
			name = Products;
			sourceTree = "<group>";
		};
		ADEEB311190DD3C900A2DB0B /* Frameworks */ = {
			isa = PBXGroup;
			children = (
				ADEEB312190DD3C900A2DB0B /* Foundation.framework */,
				ADEEB314190DD3C900A2DB0B /* CoreGraphics.framework */,
				ADEEB316190DD3C900A2DB0B /* UIKit.framework */,
				ADEEB331190DD3C900A2DB0B /* XCTest.framework */,
			);
			name = Frameworks;
			sourceTree = "<group>";
		};
		ADEEB318190DD3C900A2DB0B /* FBFriendsApp */ = {
			isa = PBXGroup;
			children = (
				ADEEB321190DD3C900A2DB0B /* FAAppDelegate.h */,
				ADEEB322190DD3C900A2DB0B /* FAAppDelegate.m */,
				ADEEB324190DD3C900A2DB0B /* Main.storyboard */,
				ADEEB327190DD3C900A2DB0B /* FAViewController.h */,
				ADEEB328190DD3C900A2DB0B /* FAViewController.m */,
				ADEEB32A190DD3C900A2DB0B /* Images.xcassets */,
				ADEEB319190DD3C900A2DB0B /* Supporting Files */,
			);
			path = FBFriendsApp;
			sourceTree = "<group>";
		};
		ADEEB319190DD3C900A2DB0B /* Supporting Files */ = {
			isa = PBXGroup;
			children = (
				ADEEB31A190DD3C900A2DB0B /* FBFriendsApp-Info.plist */,
				ADEEB31B190DD3C900A2DB0B /* InfoPlist.strings */,
				ADEEB31E190DD3C900A2DB0B /* main.m */,
				ADEEB320190DD3C900A2DB0B /* FBFriendsApp-Prefix.pch */,
			);
			name = "Supporting Files";
			sourceTree = "<group>";
		};
		ADEEB337190DD3C900A2DB0B /* FBFriendsAppTests */ = {
			isa = PBXGroup;
			children = (
				ADEEB33D190DD3C900A2DB0B /* FBFriendsAppTests.m */,
				ADEEB338190DD3C900A2DB0B /* Supporting Files */,
			);
			path = FBFriendsAppTests;
			sourceTree = "<group>";
		};
		ADEEB338190DD3C900A2DB0B /* Supporting Files */ = {
			isa = PBXGroup;
			children = (
				ADEEB339190DD3C900A2DB0B /* FBFriendsAppTests-Info.plist */,
				ADEEB33A190DD3C900A2DB0B /* InfoPlist.strings */,
			);
			name = "Supporting Files";
			sourceTree = "<group>";
		};
/* End PBXGroup section */

/* Begin PBXNativeTarget section */
		ADEEB30E190DD3C900A2DB0B /* FBFriendsApp */ = {
			isa = PBXNativeTarget;
			buildConfigurationList = ADEEB341190DD3C900A2DB0B /* Build configuration list for PBXNativeTarget "FBFriendsApp" */;
			buildPhases = (
				ADEEB30B190DD3C900A2DB0B /* Sources */,
				ADEEB30C190DD3C900A2DB0B /* Frameworks */,
				ADEEB30D190DD3C900A2DB0B /* Resources */,
			);
			buildRules = (
			);
			dependencies = (
			);
			name = FBFriendsApp;
			productName = FBFriendsApp;
			productReference = ADEEB30F190DD3C900A2DB0B /* FBFriendsApp.app */;
			productType = "com.apple.product-type.application";
		};
		ADEEB32F190DD3C900A2DB0B /* FBFriendsAppTests */ = {
			isa = PBXNativeTarget;
			buildConfigurationList = ADEEB344190DD3C900A2DB0B /* Build configuration list for PBXNativeTarget "FBFriendsAppTests" */;
			buildPhases = (
				ADEEB32C190DD3C900A2DB0B /* Sources */,
				ADEEB32D190DD3C900A2DB0B /* Frameworks */,
				ADEEB32E190DD3C900A2DB0B /* Resources */,
			);
			buildRules = (
			);
			dependencies = (
				ADEEB336190DD3C900A2DB0B /* PBXTargetDependency */,
			);
			name = FBFriendsAppTests;
			productName = FBFriendsAppTests;
			productReference = ADEEB330190DD3C900A2DB0B /* FBFriendsAppTests.xctest */;
			productType = "com.apple.product-type.bundle.unit-test";
		};
/* End PBXNativeTarget section */

/* Begin PBXProject section */
		ADEEB307190DD3C900A2DB0B /* Project object */ = {
			isa = PBXProject;
			attributes = {
				CLASSPREFIX = FA;
				LastUpgradeCheck = 0510;
				ORGANIZATIONNAME = Gurminder;
				TargetAttributes = {
					ADEEB32F190DD3C900A2DB0B = {
						TestTargetID = ADEEB30E190DD3C900A2DB0B;
					};
				};
			};
			buildConfigurationList = ADEEB30A190DD3C900A2DB0B /* Build configuration list for PBXProject "FBFriendsApp" */;
			compatibilityVersion = "Xcode 3.2";
			developmentRegion = English;
			hasScannedForEncodings = 0;
			knownRegions = (
				en,
				Base,
			);
			mainGroup = ADEEB306190DD3C900A2DB0B;
			productRefGroup = ADEEB310190DD3C900A2DB0B /* Products */;
			projectDirPath = "";
			projectRoot = "";
			targets = (
				ADEEB30E190DD3C900A2DB0B /* FBFriendsApp */,
				ADEEB32F190DD3C900A2DB0B /* FBFriendsAppTests */,
			);
		};
/* End PBXProject section */

/* Begin PBXResourcesBuildPhase section */
		ADEEB30D190DD3C900A2DB0B /* Resources */ = {
			isa = PBXResourcesBuildPhase;
			buildActionMask = 2147483647;
			files = (
				ADEEB32B190DD3C900A2DB0B /* Images.xcassets in Resources */,
				ADEEB31D190DD3C900A2DB0B /* InfoPlist.strings in Resources */,
				ADEEB326190DD3C900A2DB0B /* Main.storyboard in Resources */,
			);
			runOnlyForDeploymentPostprocessing = 0;
		};
		ADEEB32E190DD3C900A2DB0B /* Resources */ = {
			isa = PBXResourcesBuildPhase;
			buildActionMask = 2147483647;
			files = (
				ADEEB33C190DD3C900A2DB0B /* InfoPlist.strings in Resources */,
			);
			runOnlyForDeploymentPostprocessing = 0;
		};
/* End PBXResourcesBuildPhase section */

/* Begin PBXSourcesBuildPhase section */
		ADEEB30B190DD3C900A2DB0B /* Sources */ = {
			isa = PBXSourcesBuildPhase;
			buildActionMask = 2147483647;
			files = (
				ADEEB31F190DD3C900A2DB0B /* main.m in Sources */,
				ADEEB323190DD3C900A2DB0B /* FAAppDelegate.m in Sources */,
				ADEEB329190DD3C900A2DB0B /* FAViewController.m in Sources */,
			);
			runOnlyForDeploymentPostprocessing = 0;
		};
		ADEEB32C190DD3C900A2DB0B /* Sources */ = {
			isa = PBXSourcesBuildPhase;
			buildActionMask = 2147483647;
			files = (
				ADEEB33E190DD3C900A2DB0B /* FBFriendsAppTests.m in Sources */,
			);
			runOnlyForDeploymentPostprocessing = 0;
		};
/* End PBXSourcesBuildPhase section */

/* Begin PBXTargetDependency section */
		ADEEB336190DD3C900A2DB0B /* PBXTargetDependency */ = {
			isa = PBXTargetDependency;
			target = ADEEB30E190DD3C900A2DB0B /* FBFriendsApp */;
			targetProxy = ADEEB335190DD3C900A2DB0B /* PBXContainerItemProxy */;
		};
/* End PBXTargetDependency section */

/* Begin PBXVariantGroup section */
		ADEEB31B190DD3C900A2DB0B /* InfoPlist.strings */ = {
			isa = PBXVariantGroup;
			children = (
				ADEEB31C190DD3C900A2DB0B /* en */,
			);
			name = InfoPlist.strings;
			sourceTree = "<group>";
		};
		ADEEB324190DD3C900A2DB0B /* Main.storyboard */ = {
			isa = PBXVariantGroup;
			children = (
				ADEEB325190DD3C900A2DB0B /* Base */,
			);
			name = Main.storyboard;
			sourceTree = "<group>";
		};
		ADEEB33A190DD3C900A2DB0B /* InfoPlist.strings */ = {
			isa = PBXVariantGroup;
			children = (
				ADEEB33B190DD3C900A2DB0B /* en */,
			);
			name = InfoPlist.strings;
			sourceTree = "<group>";
		};
/* End PBXVariantGroup section */

/* Begin XCBuildConfiguration section */
		ADEEB33F190DD3C900A2DB0B /* Debug */ = {
			isa = XCBuildConfiguration;
			buildSettings = {
				ALWAYS_SEARCH_USER_PATHS = NO;
				CLANG_CXX_LANGUAGE_STANDARD = "gnu++0x";
				CLANG_CXX_LIBRARY = "libc++";
				CLANG_ENABLE_MODULES = YES;
				CLANG_ENABLE_OBJC_ARC = YES;
				CLANG_WARN_BOOL_CONVERSION = YES;
				CLANG_WARN_CONSTANT_CONVERSION = YES;
				CLANG_WARN_DIRECT_OBJC_ISA_USAGE = YES_ERROR;
				CLANG_WARN_EMPTY_BODY = YES;
				CLANG_WARN_ENUM_CONVERSION = YES;
				CLANG_WARN_INT_CONVERSION = YES;
				CLANG_WARN_OBJC_ROOT_CLASS = YES_ERROR;
				CLANG_WARN__DUPLICATE_METHOD_MATCH = YES;
				"CODE_SIGN_IDENTITY[sdk=iphoneos*]" = "iPhone Developer";
				COPY_PHASE_STRIP = NO;
				GCC_C_LANGUAGE_STANDARD = gnu99;
				GCC_DYNAMIC_NO_PIC = NO;
				GCC_OPTIMIZATION_LEVEL = 0;
				GCC_PREPROCESSOR_DEFINITIONS = (
					"DEBUG=1",
					"$(inherited)",
				);
				GCC_SYMBOLS_PRIVATE_EXTERN = NO;
				GCC_WARN_64_TO_32_BIT_CONVERSION = YES;
				GCC_WARN_ABOUT_RETURN_TYPE = YES_ERROR;
				GCC_WARN_UNDECLARED_SELECTOR = YES;
				GCC_WARN_UNINITIALIZED_AUTOS = YES_AGGRESSIVE;
				GCC_WARN_UNUSED_FUNCTION = YES;
				GCC_WARN_UNUSED_VARIABLE = YES;
				IPHONEOS_DEPLOYMENT_TARGET = 7.1;
				ONLY_ACTIVE_ARCH = YES;
				SDKROOT = iphoneos;
			};
			name = Debug;
		};
		ADEEB340190DD3C900A2DB0B /* Release */ = {
			isa = XCBuildConfiguration;
			buildSettings = {
				ALWAYS_SEARCH_USER_PATHS = NO;
				CLANG_CXX_LANGUAGE_STANDARD = "gnu++0x";
				CLANG_CXX_LIBRARY = "libc++";
				CLANG_ENABLE_MODULES = YES;
				CLANG_ENABLE_OBJC_ARC = YES;
				CLANG_WARN_BOOL_CONVERSION = YES;
				CLANG_WARN_CONSTANT_CONVERSION = YES;
				CLANG_WARN_DIRECT_OBJC_ISA_USAGE = YES_ERROR;
				CLANG_WARN_EMPTY_BODY = YES;
				CLANG_WARN_ENUM_CONVERSION = YES;
				CLANG_WARN_INT_CONVERSION = YES;
				CLANG_WARN_OBJC_ROOT_CLASS = YES_ERROR;
				CLANG_WARN__DUPLICATE_METHOD_MATCH = YES;
				"CODE_SIGN_IDENTITY[sdk=iphoneos*]" = "iPhone Developer";
				COPY_PHASE_STRIP = YES;
				ENABLE_NS_ASSERTIONS = NO;
				GCC_C_LANGUAGE_STANDARD = gnu99;
				GCC_WARN_64_TO_32_BIT_CONVERSION = YES;
				GCC_WARN_ABOUT_RETURN_TYPE = YES_ERROR;
				GCC_WARN_UNDECLARED_SELECTOR = YES;
				GCC_WARN_UNINITIALIZED_AUTOS = YES_AGGRESSIVE;
				GCC_WARN_UNUSED_FUNCTION = YES;
				GCC_WARN_UNUSED_VARIABLE = YES;
				IPHONEOS_DEPLOYMENT_TARGET = 7.1;
				SDKROOT = iphoneos;
				VALIDATE_PRODUCT = YES;
			};
			name = Release;
		};
		ADEEB342190DD3C900A2DB0B /* Debug */ = {
			isa = XCBuildConfiguration;
			buildSettings = {
				ASSETCATALOG_COMPILER_APPICON_NAME = AppIcon;
				ASSETCATALOG_COMPILER_LAUNCHIMAGE_NAME = LaunchImage;
				GCC_PRECOMPILE_PREFIX_HEADER = YES;
				GCC_PREFIX_HEADER = "FBFriendsApp/FBFriendsApp-Prefix.pch";
				INFOPLIST_FILE = "FBFriendsApp/FBFriendsApp-Info.plist";
				PRODUCT_NAME = "$(TARGET_NAME)";
				WRAPPER_EXTENSION = app;
			};
			name = Debug;
		};
		ADEEB343190DD3C900A2DB0B /* Release */ = {
			isa = XCBuildConfiguration;
			buildSettings = {
				ASSETCATALOG_COMPILER_APPICON_NAME = AppIcon;
				ASSETCATALOG_COMPILER_LAUNCHIMAGE_NAME = LaunchImage;
				GCC_PRECOMPILE_PREFIX_HEADER = YES;
				GCC_PREFIX_HEADER = "FBFriendsApp/FBFriendsApp-Prefix.pch";
				INFOPLIST_FILE = "FBFriendsApp/FBFriendsApp-Info.plist";
				PRODUCT_NAME = "$(TARGET_NAME)";
				WRAPPER_EXTENSION = app;
			};
			name = Release;
		};
		ADEEB345190DD3C900A2DB0B /* Debug */ = {
			isa = XCBuildConfiguration;
			buildSettings = {
				BUNDLE_LOADER = "$(BUILT_PRODUCTS_DIR)/FBFriendsApp.app/FBFriendsApp";
				FRAMEWORK_SEARCH_PATHS = (
					"$(SDKROOT)/Developer/Library/Frameworks",
					"$(inherited)",
					"$(DEVELOPER_FRAMEWORKS_DIR)",
				);
				GCC_PRECOMPILE_PREFIX_HEADER = YES;
				GCC_PREFIX_HEADER = "FBFriendsApp/FBFriendsApp-Prefix.pch";
				GCC_PREPROCESSOR_DEFINITIONS = (
					"DEBUG=1",
					"$(inherited)",
				);
				INFOPLIST_FILE = "FBFriendsAppTests/FBFriendsAppTests-Info.plist";
				PRODUCT_NAME = "$(TARGET_NAME)";
				TEST_HOST = "$(BUNDLE_LOADER)";
				WRAPPER_EXTENSION = xctest;
			};
			name = Debug;
		};
		ADEEB346190DD3C900A2DB0B /* Release */ = {
			isa = XCBuildConfiguration;
			buildSettings = {
				BUNDLE_LOADER = "$(BUILT_PRODUCTS_DIR)/FBFriendsApp.app/FBFriendsApp";
				FRAMEWORK_SEARCH_PATHS = (
					"$(SDKROOT)/Developer/Library/Frameworks",
					"$(inherited)",
					"$(DEVELOPER_FRAMEWORKS_DIR)",
				);
				GCC_PRECOMPILE_PREFIX_HEADER = YES;
				GCC_PREFIX_HEADER = "FBFriendsApp/FBFriendsApp-Prefix.pch";
				INFOPLIST_FILE = "FBFriendsAppTests/FBFriendsAppTests-Info.plist";
				PRODUCT_NAME = "$(TARGET_NAME)";
				TEST_HOST = "$(BUNDLE_LOADER)";
				WRAPPER_EXTENSION = xctest;
			};
			name = Release;
		};
/* End XCBuildConfiguration section */

/* Begin XCConfigurationList section */
		ADEEB30A190DD3C900A2DB0B /* Build configuration list for PBXProject "FBFriendsApp" */ = {
			isa = XCConfigurationList;
			buildConfigurations = (
				ADEEB33F190DD3C900A2DB0B /* Debug */,
				ADEEB340190DD3C900A2DB0B /* Release */,
			);
			defaultConfigurationIsVisible = 0;
			defaultConfigurationName = Release;
		};
		ADEEB341190DD3C900A2DB0B /* Build configuration list for PBXNativeTarget "FBFriendsApp" */ = {
			isa = XCConfigurationList;
			buildConfigurations = (
				ADEEB342190DD3C900A2DB0B /* Debug */,
				ADEEB343190DD3C900A2DB0B /* Release */,
			);
			defaultConfigurationIsVisible = 0;
		};
		ADEEB344190DD3C900A2DB0B /* Build configuration list for PBXNativeTarget "FBFriendsAppTests" */ = {
			isa = XCConfigurationList;
			buildConfigurations = (
				ADEEB345190DD3C900A2DB0B /* Debug */,
				ADEEB346190DD3C900A2DB0B /* Release */,
			);
			defaultConfigurationIsVisible = 0;
		};
/* End XCConfigurationList section */
	};
	rootObject = ADEEB307190DD3C900A2DB0B /* Project object */;
}
